{
<<<<<<< HEAD
  "name": "FRONT_END_V2",
  "lockfileVersion": 3,
  "requires": true,
  "packages": {}
=======
  "name": "React-Native-Project-LowCalChow-2023",
  "lockfileVersion": 2,
  "requires": true,
  "packages": {
    "": {
      "devDependencies": {
        "react-native-dotenv": "^3.4.9"
      }
    },
    "node_modules/@babel/runtime": {
      "version": "7.23.2",
      "resolved": "https://registry.npmjs.org/@babel/runtime/-/runtime-7.23.2.tgz",
      "integrity": "sha512-mM8eg4yl5D6i3lu2QKPuPH4FArvJ8KhTofbE7jwMUv9KX5mBvwPAqnV3MlyBNqdp9RyRKP6Yck8TrfYrPvX3bg==",
      "dev": true,
      "peer": true,
      "dependencies": {
        "regenerator-runtime": "^0.14.0"
      },
      "engines": {
        "node": ">=6.9.0"
      }
    },
    "node_modules/dotenv": {
      "version": "16.3.1",
      "resolved": "https://registry.npmjs.org/dotenv/-/dotenv-16.3.1.tgz",
      "integrity": "sha512-IPzF4w4/Rd94bA9imS68tZBaYyBWSCE47V1RGuMrB94iyTOIEwRmVL2x/4An+6mETpLrKJ5hQkB8W4kFAadeIQ==",
      "dev": true,
      "engines": {
        "node": ">=12"
      },
      "funding": {
        "url": "https://github.com/motdotla/dotenv?sponsor=1"
      }
    },
    "node_modules/react-native-dotenv": {
      "version": "3.4.9",
      "resolved": "https://registry.npmjs.org/react-native-dotenv/-/react-native-dotenv-3.4.9.tgz",
      "integrity": "sha512-dbyd+mcy7SUzxEgmt33TRf1FGcNe6swJhXmB0unKkI49F7+pidog9kPtjxMLTAfmKA8gcN2XHQSKltGfGbGCLQ==",
      "dev": true,
      "dependencies": {
        "dotenv": "^16.3.1"
      },
      "peerDependencies": {
        "@babel/runtime": "^7.20.6"
      }
    },
    "node_modules/regenerator-runtime": {
      "version": "0.14.0",
      "resolved": "https://registry.npmjs.org/regenerator-runtime/-/regenerator-runtime-0.14.0.tgz",
      "integrity": "sha512-srw17NI0TUWHuGa5CFGGmhfNIeja30WMBfbslPNhf6JrqQlLN5gcrvig1oqPxiVaXb0oW0XRKtH6Nngs5lKCIA==",
      "dev": true,
      "peer": true
    }
  },
  "dependencies": {
    "@babel/runtime": {
      "version": "7.23.2",
      "resolved": "https://registry.npmjs.org/@babel/runtime/-/runtime-7.23.2.tgz",
      "integrity": "sha512-mM8eg4yl5D6i3lu2QKPuPH4FArvJ8KhTofbE7jwMUv9KX5mBvwPAqnV3MlyBNqdp9RyRKP6Yck8TrfYrPvX3bg==",
      "dev": true,
      "peer": true,
      "requires": {
        "regenerator-runtime": "^0.14.0"
      }
    },
    "dotenv": {
      "version": "16.3.1",
      "resolved": "https://registry.npmjs.org/dotenv/-/dotenv-16.3.1.tgz",
      "integrity": "sha512-IPzF4w4/Rd94bA9imS68tZBaYyBWSCE47V1RGuMrB94iyTOIEwRmVL2x/4An+6mETpLrKJ5hQkB8W4kFAadeIQ==",
      "dev": true
    },
    "react-native-dotenv": {
      "version": "3.4.9",
      "resolved": "https://registry.npmjs.org/react-native-dotenv/-/react-native-dotenv-3.4.9.tgz",
      "integrity": "sha512-dbyd+mcy7SUzxEgmt33TRf1FGcNe6swJhXmB0unKkI49F7+pidog9kPtjxMLTAfmKA8gcN2XHQSKltGfGbGCLQ==",
      "dev": true,
      "requires": {
        "dotenv": "^16.3.1"
      }
    },
    "regenerator-runtime": {
      "version": "0.14.0",
      "resolved": "https://registry.npmjs.org/regenerator-runtime/-/regenerator-runtime-0.14.0.tgz",
      "integrity": "sha512-srw17NI0TUWHuGa5CFGGmhfNIeja30WMBfbslPNhf6JrqQlLN5gcrvig1oqPxiVaXb0oW0XRKtH6Nngs5lKCIA==",
      "dev": true,
      "peer": true
    }
  }
>>>>>>> origin/main
}
